
Microsoft Visual Studio Solution File, Format Version 12.00
# Visual Studio Version 17
VisualStudioVersion = 17.5.33414.496
MinimumVisualStudioVersion = 10.0.40219.1
Project("{FAE04EC0-301F-11D3-BF4B-00C04F79EFBC}") = "QueriesSample.WebApi", "QueriesSample.WebApi\QueriesSample.WebApi.csproj", "{FA5A4DF0-3792-4C5B-91CB-60B783EB5448}"
EndProject
Project("{2150E333-8FDC-42A3-9474-1A3956D46DE8}") = "src", "src", "{B42914C3-B503-474E-B23E-FC786ACF799A}"
EndProject
Project("{2150E333-8FDC-42A3-9474-1A3956D46DE8}") = "1 - Web", "1 - Web", "{518AF45D-FFD6-4EC5-9491-393A312E87A8}"
EndProject
Project("{2150E333-8FDC-42A3-9474-1A3956D46DE8}") = "2 - Application", "2 - Application", "{688D0C13-B53A-407A-95A8-978115B3C18C}"
EndProject
Project("{2150E333-8FDC-42A3-9474-1A3956D46DE8}") = "3 - Domain", "3 - Domain", "{2DE55C93-ECDD-4B67-BD07-AFA2F4AA39F3}"
EndProject
Project("{2150E333-8FDC-42A3-9474-1A3956D46DE8}") = "4 - Infrastructure", "4 - Infrastructure", "{9B4F3790-C43A-41E8-80EA-516837919BC7}"
EndProject
Project("{2150E333-8FDC-42A3-9474-1A3956D46DE8}") = "4.1 - Data", "4.1 - Data", "{A20FCC25-0872-493B-B6A6-E74A8961F7E9}"
EndProject
Project("{2150E333-8FDC-42A3-9474-1A3956D46DE8}") = "4.2 - CrossCutting", "4.2 - CrossCutting", "{F4FCC0D3-38A9-4075-BC44-3C0EE8807A51}"
EndProject
Project("{FAE04EC0-301F-11D3-BF4B-00C04F79EFBC}") = "QueriesSample.Application", "QueriesSample.Application\QueriesSample.Application.csproj", "{541E931D-1AFF-4B99-A9D9-C04B10473AA2}"
EndProject
Project("{FAE04EC0-301F-11D3-BF4B-00C04F79EFBC}") = "QueriesSample.Domain", "QueriesSample.Domain\QueriesSample.Domain.csproj", "{B3A06D15-DF88-4CA5-9148-072D798DDBE7}"
EndProject
Project("{FAE04EC0-301F-11D3-BF4B-00C04F79EFBC}") = "QueriesSample.Domain.Core", "QueriesSample.Domain.Core\QueriesSample.Domain.Core.csproj", "{ADD185D5-6C5C-470B-810D-5EC839953473}"
EndProject
Project("{FAE04EC0-301F-11D3-BF4B-00C04F79EFBC}") = "QueriesSample.Infra.Data", "QueriesSample.Infra.Data\QueriesSample.Infra.Data.csproj", "{B1199F34-030C-4D99-8AC2-71ADF5D99A51}"
EndProject
Project("{FAE04EC0-301F-11D3-BF4B-00C04F79EFBC}") = "QueriesSample.Infra.CrossCutting.IoC", "QueriesSample.Infra.CrossCutting.IoC\QueriesSample.Infra.CrossCutting.IoC.csproj", "{1D29F1ED-DE1F-4031-B4F4-4FED292A63A0}"
EndProject
Global
	GlobalSection(SolutionConfigurationPlatforms) = preSolution
		Debug|Any CPU = Debug|Any CPU
		Release|Any CPU = Release|Any CPU
	EndGlobalSection
	GlobalSection(ProjectConfigurationPlatforms) = postSolution
		{FA5A4DF0-3792-4C5B-91CB-60B783EB5448}.Debug|Any CPU.ActiveCfg = Debug|Any CPU
		{FA5A4DF0-3792-4C5B-91CB-60B783EB5448}.Debug|Any CPU.Build.0 = Debug|Any CPU
		{FA5A4DF0-3792-4C5B-91CB-60B783EB5448}.Release|Any CPU.ActiveCfg = Release|Any CPU
		{FA5A4DF0-3792-4C5B-91CB-60B783EB5448}.Release|Any CPU.Build.0 = Release|Any CPU
		{541E931D-1AFF-4B99-A9D9-C04B10473AA2}.Debug|Any CPU.ActiveCfg = Debug|Any CPU
		{541E931D-1AFF-4B99-A9D9-C04B10473AA2}.Debug|Any CPU.Build.0 = Debug|Any CPU
		{541E931D-1AFF-4B99-A9D9-C04B10473AA2}.Release|Any CPU.ActiveCfg = Release|Any CPU
		{541E931D-1AFF-4B99-A9D9-C04B10473AA2}.Release|Any CPU.Build.0 = Release|Any CPU
		{B3A06D15-DF88-4CA5-9148-072D798DDBE7}.Debug|Any CPU.ActiveCfg = Debug|Any CPU
		{B3A06D15-DF88-4CA5-9148-072D798DDBE7}.Debug|Any CPU.Build.0 = Debug|Any CPU
		{B3A06D15-DF88-4CA5-9148-072D798DDBE7}.Release|Any CPU.ActiveCfg = Release|Any CPU
		{B3A06D15-DF88-4CA5-9148-072D798DDBE7}.Release|Any CPU.Build.0 = Release|Any CPU
		{ADD185D5-6C5C-470B-810D-5EC839953473}.Debug|Any CPU.ActiveCfg = Debug|Any CPU
		{ADD185D5-6C5C-470B-810D-5EC839953473}.Debug|Any CPU.Build.0 = Debug|Any CPU
		{ADD185D5-6C5C-470B-810D-5EC839953473}.Release|Any CPU.ActiveCfg = Release|Any CPU
		{ADD185D5-6C5C-470B-810D-5EC839953473}.Release|Any CPU.Build.0 = Release|Any CPU
		{B1199F34-030C-4D99-8AC2-71ADF5D99A51}.Debug|Any CPU.ActiveCfg = Debug|Any CPU
		{B1199F34-030C-4D99-8AC2-71ADF5D99A51}.Debug|Any CPU.Build.0 = Debug|Any CPU
		{B1199F34-030C-4D99-8AC2-71ADF5D99A51}.Release|Any CPU.ActiveCfg = Release|Any CPU
		{B1199F34-030C-4D99-8AC2-71ADF5D99A51}.Release|Any CPU.Build.0 = Release|Any CPU
		{1D29F1ED-DE1F-4031-B4F4-4FED292A63A0}.Debug|Any CPU.ActiveCfg = Debug|Any CPU
		{1D29F1ED-DE1F-4031-B4F4-4FED292A63A0}.Debug|Any CPU.Build.0 = Debug|Any CPU
		{1D29F1ED-DE1F-4031-B4F4-4FED292A63A0}.Release|Any CPU.ActiveCfg = Release|Any CPU
		{1D29F1ED-DE1F-4031-B4F4-4FED292A63A0}.Release|Any CPU.Build.0 = Release|Any CPU
	EndGlobalSection
	GlobalSection(SolutionProperties) = preSolution
		HideSolutionNode = FALSE
	EndGlobalSection
	GlobalSection(NestedProjects) = preSolution
		{FA5A4DF0-3792-4C5B-91CB-60B783EB5448} = {518AF45D-FFD6-4EC5-9491-393A312E87A8}
		{518AF45D-FFD6-4EC5-9491-393A312E87A8} = {B42914C3-B503-474E-B23E-FC786ACF799A}
		{688D0C13-B53A-407A-95A8-978115B3C18C} = {B42914C3-B503-474E-B23E-FC786ACF799A}
		{2DE55C93-ECDD-4B67-BD07-AFA2F4AA39F3} = {B42914C3-B503-474E-B23E-FC786ACF799A}
		{9B4F3790-C43A-41E8-80EA-516837919BC7} = {B42914C3-B503-474E-B23E-FC786ACF799A}
		{A20FCC25-0872-493B-B6A6-E74A8961F7E9} = {9B4F3790-C43A-41E8-80EA-516837919BC7}
		{F4FCC0D3-38A9-4075-BC44-3C0EE8807A51} = {9B4F3790-C43A-41E8-80EA-516837919BC7}
		{541E931D-1AFF-4B99-A9D9-C04B10473AA2} = {688D0C13-B53A-407A-95A8-978115B3C18C}
		{B3A06D15-DF88-4CA5-9148-072D798DDBE7} = {2DE55C93-ECDD-4B67-BD07-AFA2F4AA39F3}
		{ADD185D5-6C5C-470B-810D-5EC839953473} = {2DE55C93-ECDD-4B67-BD07-AFA2F4AA39F3}
		{B1199F34-030C-4D99-8AC2-71ADF5D99A51} = {A20FCC25-0872-493B-B6A6-E74A8961F7E9}
		{1D29F1ED-DE1F-4031-B4F4-4FED292A63A0} = {F4FCC0D3-38A9-4075-BC44-3C0EE8807A51}
	EndGlobalSection
	GlobalSection(ExtensibilityGlobals) = postSolution
		SolutionGuid = {92BEE20E-5C45-4A5F-82F8-47F2ABC04FED}
	EndGlobalSection
EndGlobal
