
Microsoft Visual Studio Solution File, Format Version 12.00
# Visual Studio Version 17
VisualStudioVersion = 17.5.33414.496
MinimumVisualStudioVersion = 10.0.40219.1
Project("{FAE04EC0-301F-11D3-BF4B-00C04F79EFBC}") = "QueriesSample.WebApi", "QueriesSample.WebApi\QueriesSample.WebApi.csproj", "{FA5A4DF0-3792-4C5B-91CB-60B783EB5448}"
EndProject
Global
	GlobalSection(SolutionConfigurationPlatforms) = preSolution
		Debug|Any CPU = Debug|Any CPU
		Release|Any CPU = Release|Any CPU
	EndGlobalSection
	GlobalSection(ProjectConfigurationPlatforms) = postSolution
		{FA5A4DF0-3792-4C5B-91CB-60B783EB5448}.Debug|Any CPU.ActiveCfg = Debug|Any CPU
		{FA5A4DF0-3792-4C5B-91CB-60B783EB5448}.Debug|Any CPU.Build.0 = Debug|Any CPU
		{FA5A4DF0-3792-4C5B-91CB-60B783EB5448}.Release|Any CPU.ActiveCfg = Release|Any CPU
		{FA5A4DF0-3792-4C5B-91CB-60B783EB5448}.Release|Any CPU.Build.0 = Release|Any CPU
	EndGlobalSection
	GlobalSection(SolutionProperties) = preSolution
		HideSolutionNode = FALSE
	EndGlobalSection
	GlobalSection(ExtensibilityGlobals) = postSolution
		SolutionGuid = {92BEE20E-5C45-4A5F-82F8-47F2ABC04FED}
	EndGlobalSection
EndGlobal
